
Microsoft Visual Studio Solution File, Format Version 12.00
# Visual Studio 14
VisualStudioVersion = 14.0.25420.1
MinimumVisualStudioVersion = 10.0.40219.1
Project("{8BC9CEB8-8B4A-11D0-8D11-00A0C91BC942}") = "libtokenizer", "libtokenizer\libtokenizer.vcxproj", "{1A4B454D-6959-44CA-98F4-C48FC1E1ACD2}"
EndProject
Project("{8BC9CEB8-8B4A-11D0-8D11-00A0C91BC942}") = "tokenizer", "tokenizer\tokenizer.vcxproj", "{9B627B4A-2F75-49A2-BABD-91BBB4DB69BE}"
EndProject
Project("{8BC9CEB8-8B4A-11D0-8D11-00A0C91BC942}") = "tokenize", "tokenize\tokenize.vcxproj", "{142CE75B-D3B8-4F5B-B523-3DB757D3EEF1}"
EndProject
Project("{8BC9CEB8-8B4A-11D0-8D11-00A0C91BC942}") = "test", "test\test.vcxproj", "{76F26EA4-4586-46EF-B945-B9C6B4BEA70F}"
EndProject
Project("{FAE04EC0-301F-11D3-BF4B-00C04F79EFBC}") = "tokenizercs", "tokenizercs\tokenizercs.csproj", "{E5E9867A-AFB4-458D-82F1-138A4D76D78B}"
	ProjectSection(ProjectDependencies) = postProject
		{9B627B4A-2F75-49A2-BABD-91BBB4DB69BE} = {9B627B4A-2F75-49A2-BABD-91BBB4DB69BE}
		{1A4B454D-6959-44CA-98F4-C48FC1E1ACD2} = {1A4B454D-6959-44CA-98F4-C48FC1E1ACD2}
	EndProjectSection
EndProject
Project("{FAE04EC0-301F-11D3-BF4B-00C04F79EFBC}") = "tokenizercsTest", "tokenizercsTest\tokenizercsTest.csproj", "{1A198F60-AE08-43AE-A226-D152A1A7791E}"
EndProject
Global
	GlobalSection(SolutionConfigurationPlatforms) = preSolution
		Debug|Any CPU = Debug|Any CPU
		Debug|x64 = Debug|x64
		Debug|x86 = Debug|x86
		Release|Any CPU = Release|Any CPU
		Release|x64 = Release|x64
		Release|x86 = Release|x86
	EndGlobalSection
	GlobalSection(ProjectConfigurationPlatforms) = postSolution
		{1A4B454D-6959-44CA-98F4-C48FC1E1ACD2}.Debug|Any CPU.ActiveCfg = Debug|Win32
		{1A4B454D-6959-44CA-98F4-C48FC1E1ACD2}.Debug|x64.ActiveCfg = Debug|x64
		{1A4B454D-6959-44CA-98F4-C48FC1E1ACD2}.Debug|x64.Build.0 = Debug|x64
		{1A4B454D-6959-44CA-98F4-C48FC1E1ACD2}.Debug|x86.ActiveCfg = Debug|Win32
		{1A4B454D-6959-44CA-98F4-C48FC1E1ACD2}.Debug|x86.Build.0 = Debug|Win32
		{1A4B454D-6959-44CA-98F4-C48FC1E1ACD2}.Release|Any CPU.ActiveCfg = Release|Win32
		{1A4B454D-6959-44CA-98F4-C48FC1E1ACD2}.Release|x64.ActiveCfg = Release|x64
		{1A4B454D-6959-44CA-98F4-C48FC1E1ACD2}.Release|x64.Build.0 = Release|x64
		{1A4B454D-6959-44CA-98F4-C48FC1E1ACD2}.Release|x86.ActiveCfg = Release|Win32
		{1A4B454D-6959-44CA-98F4-C48FC1E1ACD2}.Release|x86.Build.0 = Release|Win32
		{9B627B4A-2F75-49A2-BABD-91BBB4DB69BE}.Debug|Any CPU.ActiveCfg = Debug|Win32
		{9B627B4A-2F75-49A2-BABD-91BBB4DB69BE}.Debug|x64.ActiveCfg = Debug|x64
		{9B627B4A-2F75-49A2-BABD-91BBB4DB69BE}.Debug|x64.Build.0 = Debug|x64
		{9B627B4A-2F75-49A2-BABD-91BBB4DB69BE}.Debug|x86.ActiveCfg = Debug|Win32
		{9B627B4A-2F75-49A2-BABD-91BBB4DB69BE}.Debug|x86.Build.0 = Debug|Win32
		{9B627B4A-2F75-49A2-BABD-91BBB4DB69BE}.Release|Any CPU.ActiveCfg = Release|Win32
		{9B627B4A-2F75-49A2-BABD-91BBB4DB69BE}.Release|x64.ActiveCfg = Release|x64
		{9B627B4A-2F75-49A2-BABD-91BBB4DB69BE}.Release|x64.Build.0 = Release|x64
		{9B627B4A-2F75-49A2-BABD-91BBB4DB69BE}.Release|x86.ActiveCfg = Release|Win32
		{9B627B4A-2F75-49A2-BABD-91BBB4DB69BE}.Release|x86.Build.0 = Release|Win32
		{142CE75B-D3B8-4F5B-B523-3DB757D3EEF1}.Debug|Any CPU.ActiveCfg = Debug|Win32
		{142CE75B-D3B8-4F5B-B523-3DB757D3EEF1}.Debug|x64.ActiveCfg = Debug|x64
		{142CE75B-D3B8-4F5B-B523-3DB757D3EEF1}.Debug|x64.Build.0 = Debug|x64
		{142CE75B-D3B8-4F5B-B523-3DB757D3EEF1}.Debug|x86.ActiveCfg = Debug|Win32
		{142CE75B-D3B8-4F5B-B523-3DB757D3EEF1}.Debug|x86.Build.0 = Debug|Win32
		{142CE75B-D3B8-4F5B-B523-3DB757D3EEF1}.Release|Any CPU.ActiveCfg = Release|Win32
		{142CE75B-D3B8-4F5B-B523-3DB757D3EEF1}.Release|x64.ActiveCfg = Release|x64
		{142CE75B-D3B8-4F5B-B523-3DB757D3EEF1}.Release|x64.Build.0 = Release|x64
		{142CE75B-D3B8-4F5B-B523-3DB757D3EEF1}.Release|x86.ActiveCfg = Release|Win32
		{142CE75B-D3B8-4F5B-B523-3DB757D3EEF1}.Release|x86.Build.0 = Release|Win32
		{76F26EA4-4586-46EF-B945-B9C6B4BEA70F}.Debug|Any CPU.ActiveCfg = Debug|Win32
		{76F26EA4-4586-46EF-B945-B9C6B4BEA70F}.Debug|x64.ActiveCfg = Debug|x64
		{76F26EA4-4586-46EF-B945-B9C6B4BEA70F}.Debug|x64.Build.0 = Debug|x64
		{76F26EA4-4586-46EF-B945-B9C6B4BEA70F}.Debug|x86.ActiveCfg = Debug|Win32
		{76F26EA4-4586-46EF-B945-B9C6B4BEA70F}.Debug|x86.Build.0 = Debug|Win32
		{76F26EA4-4586-46EF-B945-B9C6B4BEA70F}.Release|Any CPU.ActiveCfg = Release|Win32
		{76F26EA4-4586-46EF-B945-B9C6B4BEA70F}.Release|x64.ActiveCfg = Release|x64
		{76F26EA4-4586-46EF-B945-B9C6B4BEA70F}.Release|x64.Build.0 = Release|x64
		{76F26EA4-4586-46EF-B945-B9C6B4BEA70F}.Release|x86.ActiveCfg = Release|Win32
		{76F26EA4-4586-46EF-B945-B9C6B4BEA70F}.Release|x86.Build.0 = Release|Win32
		{E5E9867A-AFB4-458D-82F1-138A4D76D78B}.Debug|Any CPU.ActiveCfg = Debug|Any CPU
		{E5E9867A-AFB4-458D-82F1-138A4D76D78B}.Debug|Any CPU.Build.0 = Debug|Any CPU
		{E5E9867A-AFB4-458D-82F1-138A4D76D78B}.Debug|x64.ActiveCfg = Debug|x64
		{E5E9867A-AFB4-458D-82F1-138A4D76D78B}.Debug|x64.Build.0 = Debug|x64
		{E5E9867A-AFB4-458D-82F1-138A4D76D78B}.Debug|x86.ActiveCfg = Debug|Any CPU
		{E5E9867A-AFB4-458D-82F1-138A4D76D78B}.Debug|x86.Build.0 = Debug|Any CPU
		{E5E9867A-AFB4-458D-82F1-138A4D76D78B}.Release|Any CPU.ActiveCfg = Release|Any CPU
		{E5E9867A-AFB4-458D-82F1-138A4D76D78B}.Release|Any CPU.Build.0 = Release|Any CPU
		{E5E9867A-AFB4-458D-82F1-138A4D76D78B}.Release|x64.ActiveCfg = Release|x64
		{E5E9867A-AFB4-458D-82F1-138A4D76D78B}.Release|x64.Build.0 = Release|x64
		{E5E9867A-AFB4-458D-82F1-138A4D76D78B}.Release|x86.ActiveCfg = Release|Any CPU
		{E5E9867A-AFB4-458D-82F1-138A4D76D78B}.Release|x86.Build.0 = Release|Any CPU
		{1A198F60-AE08-43AE-A226-D152A1A7791E}.Debug|Any CPU.ActiveCfg = Debug|Any CPU
		{1A198F60-AE08-43AE-A226-D152A1A7791E}.Debug|Any CPU.Build.0 = Debug|Any CPU
		{1A198F60-AE08-43AE-A226-D152A1A7791E}.Debug|x64.ActiveCfg = Debug|x64
		{1A198F60-AE08-43AE-A226-D152A1A7791E}.Debug|x64.Build.0 = Debug|x64
		{1A198F60-AE08-43AE-A226-D152A1A7791E}.Debug|x86.ActiveCfg = Debug|Any CPU
		{1A198F60-AE08-43AE-A226-D152A1A7791E}.Debug|x86.Build.0 = Debug|Any CPU
		{1A198F60-AE08-43AE-A226-D152A1A7791E}.Release|Any CPU.ActiveCfg = Release|Any CPU
		{1A198F60-AE08-43AE-A226-D152A1A7791E}.Release|Any CPU.Build.0 = Release|Any CPU
		{1A198F60-AE08-43AE-A226-D152A1A7791E}.Release|x64.ActiveCfg = Release|x64
		{1A198F60-AE08-43AE-A226-D152A1A7791E}.Release|x64.Build.0 = Release|x64
		{1A198F60-AE08-43AE-A226-D152A1A7791E}.Release|x86.ActiveCfg = Release|Any CPU
		{1A198F60-AE08-43AE-A226-D152A1A7791E}.Release|x86.Build.0 = Release|Any CPU
	EndGlobalSection
	GlobalSection(SolutionProperties) = preSolution
		HideSolutionNode = FALSE
	EndGlobalSection
EndGlobal
